
Microsoft Visual Studio Solution File, Format Version 12.00
# Visual Studio Version 17
VisualStudioVersion = 17.0.31815.197
MinimumVisualStudioVersion = 10.0.40219.1
Project("{2150E333-8FDC-42A3-9474-1A3956D46DE8}") = "Packages", "Packages", "{32FB9D82-8E27-4E7D-A376-A6F491071BA8}"
EndProject
Project("{9A19103F-16F7-4668-BE54-9A1E7A4F7556}") = "AInq.Optional", "src\AInq.Optional\AInq.Optional.csproj", "{687C04FA-51B9-4DF3-86CC-82B605A51459}"
EndProject
Project("{2150E333-8FDC-42A3-9474-1A3956D46DE8}") = "Solution Items", "Solution Items", "{DBEC2ABE-02E0-4901-8410-15FFC21AB0C1}"
	ProjectSection(SolutionItems) = preProject
		.gitignore = .gitignore
		AInq.eps = AInq.eps
		AInq.Optional.sln.DotSettings = AInq.Optional.sln.DotSettings
		AInq.png = AInq.png
		.github\workflows\cleanup.yml = .github\workflows\cleanup.yml
		Directory.Build.props = Directory.Build.props
		src\Shared\JetBrains.Annotations.cs = src\Shared\JetBrains.Annotations.cs
		LICENSE = LICENSE
		README.md = README.md
	EndProjectSection
EndProject
Project("{9A19103F-16F7-4668-BE54-9A1E7A4F7556}") = "AInq.Optional.Async", "src\AInq.Optional.Async\AInq.Optional.Async.csproj", "{29EAEAB8-3615-4E92-8233-B75860B2F6CE}"
EndProject
Global
	GlobalSection(SolutionConfigurationPlatforms) = preSolution
		Debug|Any CPU = Debug|Any CPU
		Release|Any CPU = Release|Any CPU
	EndGlobalSection
	GlobalSection(ProjectConfigurationPlatforms) = postSolution
		{687C04FA-51B9-4DF3-86CC-82B605A51459}.Debug|Any CPU.ActiveCfg = Debug|Any CPU
		{687C04FA-51B9-4DF3-86CC-82B605A51459}.Debug|Any CPU.Build.0 = Debug|Any CPU
		{687C04FA-51B9-4DF3-86CC-82B605A51459}.Release|Any CPU.ActiveCfg = Release|Any CPU
		{687C04FA-51B9-4DF3-86CC-82B605A51459}.Release|Any CPU.Build.0 = Release|Any CPU
		{29EAEAB8-3615-4E92-8233-B75860B2F6CE}.Debug|Any CPU.ActiveCfg = Debug|Any CPU
		{29EAEAB8-3615-4E92-8233-B75860B2F6CE}.Debug|Any CPU.Build.0 = Debug|Any CPU
		{29EAEAB8-3615-4E92-8233-B75860B2F6CE}.Release|Any CPU.ActiveCfg = Release|Any CPU
		{29EAEAB8-3615-4E92-8233-B75860B2F6CE}.Release|Any CPU.Build.0 = Release|Any CPU
	EndGlobalSection
	GlobalSection(SolutionProperties) = preSolution
		HideSolutionNode = FALSE
	EndGlobalSection
	GlobalSection(NestedProjects) = preSolution
		{687C04FA-51B9-4DF3-86CC-82B605A51459} = {32FB9D82-8E27-4E7D-A376-A6F491071BA8}
		{29EAEAB8-3615-4E92-8233-B75860B2F6CE} = {32FB9D82-8E27-4E7D-A376-A6F491071BA8}
	EndGlobalSection
	GlobalSection(ExtensibilityGlobals) = postSolution
		SolutionGuid = {41B2CF89-3E90-467F-A5AF-F5AF0D3324AF}
	EndGlobalSection
EndGlobal
